
Microsoft Visual Studio Solution File, Format Version 12.00
# Visual Studio 15
VisualStudioVersion = 15.0.26730.3
MinimumVisualStudioVersion = 10.0.40219.1
Project("{9A19103F-16F7-4668-BE54-9A1E7A4F7556}") = "Core.Api", "Core.Api.csproj", "{0FB40461-3CF3-4E17-9264-31EF9DE062ED}"
EndProject
Global
	GlobalSection(SolutionConfigurationPlatforms) = preSolution
		Debug|Any CPU = Debug|Any CPU
		Release|Any CPU = Release|Any CPU
	EndGlobalSection
	GlobalSection(ProjectConfigurationPlatforms) = postSolution
		{0FB40461-3CF3-4E17-9264-31EF9DE062ED}.Debug|Any CPU.ActiveCfg = Debug|Any CPU
		{0FB40461-3CF3-4E17-9264-31EF9DE062ED}.Debug|Any CPU.Build.0 = Debug|Any CPU
		{0FB40461-3CF3-4E17-9264-31EF9DE062ED}.Release|Any CPU.ActiveCfg = Release|Any CPU
		{0FB40461-3CF3-4E17-9264-31EF9DE062ED}.Release|Any CPU.Build.0 = Release|Any CPU
	EndGlobalSection
	GlobalSection(SolutionProperties) = preSolution
		HideSolutionNode = FALSE
	EndGlobalSection
	GlobalSection(ExtensibilityGlobals) = postSolution
		SolutionGuid = {BF7CFF74-70CE-42A7-9020-6564382B6727}
	EndGlobalSection
EndGlobal
